{
  "originHash" : "65651c08d134942305266fdb7a33bbfaf4312eea74618cb2c69b6bfd1ca0f6ba",
  "pins" : [
    {
      "identity" : "marqueelabel",
      "kind" : "remoteSourceControl",
      "location" : "https://github.com/cbpowell/MarqueeLabel",
      "state" : {
        "revision" : "877e810534cda9afabb8143ae319b7c3341b121b",
        "version" : "4.5.0"
      }
    },
    {
      "identity" : "notificationbanner",
      "kind" : "remoteSourceControl",
      "location" : "https://github.com/Daltron/NotificationBanner.git",
      "state" : {
        "revision" : "be52806c3b95f9210955a8a94259d40f8a9e928d",
        "version" : "4.0.0"
      }
    },
    {
      "identity" : "snapkit",
      "kind" : "remoteSourceControl",
      "location" : "https://github.com/SnapKit/SnapKit",
      "state" : {
        "revision" : "2842e6e84e82eb9a8dac0100ca90d9444b0307f4",
        "version" : "5.7.1"
      }
    }
  ],
  "version" : 3
}
